// !$*UTF8*$!
{
	archiveVersion = 1;
	classes = {
	};
	objectVersion = 70;
	objects = {

/* Begin PBXBuildFile section */
		000000000000000000000002 /* SennelApp.swift in Sources */ = {isa = PBXBuildFile; fileRef = 000000000000000000000001 /* SennelApp.swift */; };
		000000000000000000000004 /* RootView.swift in Sources */ = {isa = PBXBuildFile; fileRef = 000000000000000000000003 /* RootView.swift */; };
		000000000000000000000006 /* MainTabView.swift in Sources */ = {isa = PBXBuildFile; fileRef = 000000000000000000000005 /* MainTabView.swift */; };
		000000000000000000000008 /* AppState.swift in Sources */ = {isa = PBXBuildFile; fileRef = 000000000000000000000007 /* AppState.swift */; };
		00000000000000000000000A /* GlassCard.swift in Sources */ = {isa = PBXBuildFile; fileRef = 000000000000000000000009 /* GlassCard.swift */; };
		00000000000000000000000C /* PrimaryButton.swift in Sources */ = {isa = PBXBuildFile; fileRef = 00000000000000000000000B /* PrimaryButton.swift */; };
		00000000000000000000000E /* StreakRing.swift in Sources */ = {isa = PBXBuildFile; fileRef = 00000000000000000000000D /* StreakRing.swift */; };
		000000000000000000000010 /* Color+Sennel.swift in Sources */ = {isa = PBXBuildFile; fileRef = 00000000000000000000000F /* Color+Sennel.swift */; };
		000000000000000000000012 /* Typography+Sennel.swift in Sources */ = {isa = PBXBuildFile; fileRef = 000000000000000000000011 /* Typography+Sennel.swift */; };
		000000000000000000000014 /* HealthView.swift in Sources */ = {isa = PBXBuildFile; fileRef = 000000000000000000000013 /* HealthView.swift */; };
		000000000000000000000016 /* HomeView.swift in Sources */ = {isa = PBXBuildFile; fileRef = 000000000000000000000015 /* HomeView.swift */; };
		000000000000000000000018 /* OnboardingView.swift in Sources */ = {isa = PBXBuildFile; fileRef = 000000000000000000000017 /* OnboardingView.swift */; };
		00000000000000000000001C /* ScheduleView.swift in Sources */ = {isa = PBXBuildFile; fileRef = 00000000000000000000001B /* ScheduleView.swift */; };
		00000000000000000000001E /* SettingsView.swift in Sources */ = {isa = PBXBuildFile; fileRef = 00000000000000000000001D /* SettingsView.swift */; };
		000000000000000000000020 /* Assets.xcassets in Resources */ = {isa = PBXBuildFile; fileRef = 00000000000000000000001F /* Assets.xcassets */; };
		000000000000000000000034 /* FlowLayout.swift in Sources */ = {isa = PBXBuildFile; fileRef = 000000000000000000000033 /* FlowLayout.swift */; };
		000000000000000000000036 /* BadgesView.swift in Sources */ = {isa = PBXBuildFile; fileRef = 000000000000000000000035 /* BadgesView.swift */; };
		000000000000000000000038 /* BreathingView.swift in Sources */ = {isa = PBXBuildFile; fileRef = 000000000000000000000037 /* BreathingView.swift */; };
		00000000000000000000003A /* CravingLogView.swift in Sources */ = {isa = PBXBuildFile; fileRef = 000000000000000000000039 /* CravingLogView.swift */; };
		00000000000000000000003C /* InsightsView.swift in Sources */ = {isa = PBXBuildFile; fileRef = 00000000000000000000003B /* InsightsView.swift */; };
		00000000000000000000003E /* RelapseView.swift in Sources */ = {isa = PBXBuildFile; fileRef = 00000000000000000000003D /* RelapseView.swift */; };
		000000000000000000000040 /* SymptomLogView.swift in Sources */ = {isa = PBXBuildFile; fileRef = 00000000000000000000003F /* SymptomLogView.swift */; };
		000000000000000000000042 /* UserProfile.swift in Sources */ = {isa = PBXBuildFile; fileRef = 000000000000000000000041 /* UserProfile.swift */; };
		000000000000000000000044 /* CravingEntryModel.swift in Sources */ = {isa = PBXBuildFile; fileRef = 000000000000000000000043 /* CravingEntryModel.swift */; };
		000000000000000000000046 /* SymptomSeverityModel.swift in Sources */ = {isa = PBXBuildFile; fileRef = 000000000000000000000045 /* SymptomSeverityModel.swift */; };
		000000000000000000000048 /* PouchCountModel.swift in Sources */ = {isa = PBXBuildFile; fileRef = 000000000000000000000047 /* PouchCountModel.swift */; };
		00000000000000000000004A /* ModelContainer+Sennel.swift in Sources */ = {isa = PBXBuildFile; fileRef = 000000000000000000000049 /* ModelContainer+Sennel.swift */; };
		00000000000000000000004D /* ProductIDs.swift in Sources */ = {isa = PBXBuildFile; fileRef = 00000000000000000000004C /* ProductIDs.swift */; };
		00000000000000000000004F /* StoreManager.swift in Sources */ = {isa = PBXBuildFile; fileRef = 00000000000000000000004E /* StoreManager.swift */; };
		000000000000000000000051 /* PaywallView.swift in Sources */ = {isa = PBXBuildFile; fileRef = 000000000000000000000050 /* PaywallView.swift */; };
		872EAC502FEF1BAA00585670 /* WidgetKit.framework in Frameworks */ = {isa = PBXBuildFile; fileRef = 872EAC4F2FEF1BAA00585670 /* WidgetKit.framework */; };
		872EAC522FEF1BAA00585670 /* SwiftUI.framework in Frameworks */ = {isa = PBXBuildFile; fileRef = 872EAC512FEF1BAA00585670 /* SwiftUI.framework */; };
		872EAC632FEF1BAC00585670 /* SennelWidgetExtension.appex in Embed Foundation Extensions */ = {isa = PBXBuildFile; fileRef = 872EAC4D2FEF1BAA00585670 /* SennelWidgetExtension.appex */; settings = {ATTRIBUTES = (RemoveHeadersOnCopy, ); }; };
		874EA2372FEF2933003C5E1B /* CravingEntryModel.swift in Sources */ = {isa = PBXBuildFile; fileRef = 000000000000000000000043 /* CravingEntryModel.swift */; };
		874EA2382FEF293A003C5E1B /* ModelContainer+Sennel.swift in Sources */ = {isa = PBXBuildFile; fileRef = 000000000000000000000049 /* ModelContainer+Sennel.swift */; };
		874EA2392FEF2942003C5E1B /* PouchCountModel.swift in Sources */ = {isa = PBXBuildFile; fileRef = 000000000000000000000047 /* PouchCountModel.swift */; };
		874EA23A2FEF2948003C5E1B /* SymptomSeverityModel.swift in Sources */ = {isa = PBXBuildFile; fileRef = 000000000000000000000045 /* SymptomSeverityModel.swift */; };
		874EA23B2FEF294E003C5E1B /* UserProfile.swift in Sources */ = {isa = PBXBuildFile; fileRef = 000000000000000000000041 /* UserProfile.swift */; };
		87CC16132FEF2C1D00998196 /* SennelScheduleActivityAttributes.swift in Sources */ = {isa = PBXBuildFile; fileRef = 87CC16092FEF2C1D00998196 /* SennelScheduleActivityAttributes.swift */; };
		87CC16212FEF2CE100998196 /* NotificationManager.swift in Sources */ = {isa = PBXBuildFile; fileRef = 87CC161F2FEF2CE100998196 /* NotificationManager.swift */; };
		87CC16222FEF2CE100998196 /* LiveActivityManager.swift in Sources */ = {isa = PBXBuildFile; fileRef = 87CC161D2FEF2CE100998196 /* LiveActivityManager.swift */; };
/* End PBXBuildFile section */

/* Begin PBXContainerItemProxy section */
		872EAC612FEF1BAC00585670 /* PBXContainerItemProxy */ = {
			isa = PBXContainerItemProxy;
			containerPortal = 000000000000000000000028 /* Project object */;
			proxyType = 1;
			remoteGlobalIDString = 872EAC4C2FEF1BAA00585670;
			remoteInfo = SennelWidgetExtension;
		};
/* End PBXContainerItemProxy section */

/* Begin PBXCopyFilesBuildPhase section */
		872EAC642FEF1BAC00585670 /* Embed Foundation Extensions */ = {
			isa = PBXCopyFilesBuildPhase;
			buildActionMask = 2147483647;
			dstPath = "";
			dstSubfolderSpec = 13;
			files = (
				872EAC632FEF1BAC00585670 /* SennelWidgetExtension.appex in Embed Foundation Extensions */,
			);
			name = "Embed Foundation Extensions";
			runOnlyForDeploymentPostprocessing = 0;
		};
/* End PBXCopyFilesBuildPhase section */

/* Begin PBXFileReference section */
		000000000000000000000001 /* SennelApp.swift */ = {isa = PBXFileReference; lastKnownFileType = sourcecode.swift; path = SennelApp.swift; sourceTree = "<group>"; };
		000000000000000000000003 /* RootView.swift */ = {isa = PBXFileReference; lastKnownFileType = sourcecode.swift; path = RootView.swift; sourceTree = "<group>"; };
		000000000000000000000005 /* MainTabView.swift */ = {isa = PBXFileReference; lastKnownFileType = sourcecode.swift; path = MainTabView.swift; sourceTree = "<group>"; };
		000000000000000000000007 /* AppState.swift */ = {isa = PBXFileReference; lastKnownFileType = sourcecode.swift; path = AppState.swift; sourceTree = "<group>"; };
		000000000000000000000009 /* GlassCard.swift */ = {isa = PBXFileReference; lastKnownFileType = sourcecode.swift; path = GlassCard.swift; sourceTree = "<group>"; };
		00000000000000000000000B /* PrimaryButton.swift */ = {isa = PBXFileReference; lastKnownFileType = sourcecode.swift; path = PrimaryButton.swift; sourceTree = "<group>"; };
		00000000000000000000000D /* StreakRing.swift */ = {isa = PBXFileReference; lastKnownFileType = sourcecode.swift; path = StreakRing.swift; sourceTree = "<group>"; };
		00000000000000000000000F /* Color+Sennel.swift */ = {isa = PBXFileReference; lastKnownFileType = sourcecode.swift; path = "Color+Sennel.swift"; sourceTree = "<group>"; };
		000000000000000000000011 /* Typography+Sennel.swift */ = {isa = PBXFileReference; lastKnownFileType = sourcecode.swift; path = "Typography+Sennel.swift"; sourceTree = "<group>"; };
		000000000000000000000013 /* HealthView.swift */ = {isa = PBXFileReference; lastKnownFileType = sourcecode.swift; path = HealthView.swift; sourceTree = "<group>"; };
		000000000000000000000015 /* HomeView.swift */ = {isa = PBXFileReference; lastKnownFileType = sourcecode.swift; path = HomeView.swift; sourceTree = "<group>"; };
		000000000000000000000017 /* OnboardingView.swift */ = {isa = PBXFileReference; lastKnownFileType = sourcecode.swift; path = OnboardingView.swift; sourceTree = "<group>"; };
		00000000000000000000001B /* ScheduleView.swift */ = {isa = PBXFileReference; lastKnownFileType = sourcecode.swift; path = ScheduleView.swift; sourceTree = "<group>"; };
		00000000000000000000001D /* SettingsView.swift */ = {isa = PBXFileReference; lastKnownFileType = sourcecode.swift; path = SettingsView.swift; sourceTree = "<group>"; };
		00000000000000000000001F /* Assets.xcassets */ = {isa = PBXFileReference; lastKnownFileType = folder.assetcatalog; path = Assets.xcassets; sourceTree = "<group>"; };
		000000000000000000000021 /* Sennel.app */ = {isa = PBXFileReference; explicitFileType = wrapper.application; includeInIndex = 0; path = Sennel.app; sourceTree = BUILT_PRODUCTS_DIR; };
		000000000000000000000033 /* FlowLayout.swift */ = {isa = PBXFileReference; lastKnownFileType = sourcecode.swift; path = FlowLayout.swift; sourceTree = "<group>"; };
		000000000000000000000035 /* BadgesView.swift */ = {isa = PBXFileReference; lastKnownFileType = sourcecode.swift; path = BadgesView.swift; sourceTree = "<group>"; };
		000000000000000000000037 /* BreathingView.swift */ = {isa = PBXFileReference; lastKnownFileType = sourcecode.swift; path = BreathingView.swift; sourceTree = "<group>"; };
		000000000000000000000039 /* CravingLogView.swift */ = {isa = PBXFileReference; lastKnownFileType = sourcecode.swift; path = CravingLogView.swift; sourceTree = "<group>"; };
		00000000000000000000003B /* InsightsView.swift */ = {isa = PBXFileReference; lastKnownFileType = sourcecode.swift; path = InsightsView.swift; sourceTree = "<group>"; };
		00000000000000000000003D /* RelapseView.swift */ = {isa = PBXFileReference; lastKnownFileType = sourcecode.swift; path = RelapseView.swift; sourceTree = "<group>"; };
		00000000000000000000003F /* SymptomLogView.swift */ = {isa = PBXFileReference; lastKnownFileType = sourcecode.swift; path = SymptomLogView.swift; sourceTree = "<group>"; };
		000000000000000000000041 /* UserProfile.swift */ = {isa = PBXFileReference; lastKnownFileType = sourcecode.swift; path = UserProfile.swift; sourceTree = "<group>"; };
		000000000000000000000043 /* CravingEntryModel.swift */ = {isa = PBXFileReference; lastKnownFileType = sourcecode.swift; path = CravingEntryModel.swift; sourceTree = "<group>"; };
		000000000000000000000045 /* SymptomSeverityModel.swift */ = {isa = PBXFileReference; lastKnownFileType = sourcecode.swift; path = SymptomSeverityModel.swift; sourceTree = "<group>"; };
		000000000000000000000047 /* PouchCountModel.swift */ = {isa = PBXFileReference; lastKnownFileType = sourcecode.swift; path = PouchCountModel.swift; sourceTree = "<group>"; };
		000000000000000000000049 /* ModelContainer+Sennel.swift */ = {isa = PBXFileReference; lastKnownFileType = sourcecode.swift; path = "ModelContainer+Sennel.swift"; sourceTree = "<group>"; };
		00000000000000000000004C /* ProductIDs.swift */ = {isa = PBXFileReference; lastKnownFileType = sourcecode.swift; path = ProductIDs.swift; sourceTree = "<group>"; };
		00000000000000000000004E /* StoreManager.swift */ = {isa = PBXFileReference; lastKnownFileType = sourcecode.swift; path = StoreManager.swift; sourceTree = "<group>"; };
		000000000000000000000050 /* PaywallView.swift */ = {isa = PBXFileReference; lastKnownFileType = sourcecode.swift; path = PaywallView.swift; sourceTree = "<group>"; };
		000000000000000000000053 /* Products.storekit */ = {isa = PBXFileReference; lastKnownFileType = text; path = Products.storekit; sourceTree = "<group>"; };
		872EAC4D2FEF1BAA00585670 /* SennelWidgetExtension.appex */ = {isa = PBXFileReference; explicitFileType = "wrapper.app-extension"; includeInIndex = 0; path = SennelWidgetExtension.appex; sourceTree = BUILT_PRODUCTS_DIR; };
		872EAC4F2FEF1BAA00585670 /* WidgetKit.framework */ = {isa = PBXFileReference; lastKnownFileType = wrapper.framework; name = WidgetKit.framework; path = System/Library/Frameworks/WidgetKit.framework; sourceTree = SDKROOT; };
		872EAC512FEF1BAA00585670 /* SwiftUI.framework */ = {isa = PBXFileReference; lastKnownFileType = wrapper.framework; name = SwiftUI.framework; path = System/Library/Frameworks/SwiftUI.framework; sourceTree = SDKROOT; };
		87CC16092FEF2C1D00998196 /* SennelScheduleActivityAttributes.swift */ = {isa = PBXFileReference; lastKnownFileType = sourcecode.swift; path = SennelScheduleActivityAttributes.swift; sourceTree = "<group>"; };
		87CC161D2FEF2CE100998196 /* LiveActivityManager.swift */ = {isa = PBXFileReference; lastKnownFileType = sourcecode.swift; path = LiveActivityManager.swift; sourceTree = "<group>"; };
		87CC161F2FEF2CE100998196 /* NotificationManager.swift */ = {isa = PBXFileReference; lastKnownFileType = sourcecode.swift; path = NotificationManager.swift; sourceTree = "<group>"; };
/* End PBXFileReference section */

/* Begin PBXFileSystemSynchronizedBuildFileExceptionSet section */
		872EAC672FEF1BAC00585670 /* PBXFileSystemSynchronizedBuildFileExceptionSet */ = {
			isa = PBXFileSystemSynchronizedBuildFileExceptionSet;
			membershipExceptions = (
				Info.plist,
			);
			target = 872EAC4C2FEF1BAA00585670 /* SennelWidgetExtension */;
		};
/* End PBXFileSystemSynchronizedBuildFileExceptionSet section */

/* Begin PBXFileSystemSynchronizedRootGroup section */
		872EAC532FEF1BAA00585670 /* SennelWidget */ = {isa = PBXFileSystemSynchronizedRootGroup; exceptions = (872EAC672FEF1BAC00585670 /* PBXFileSystemSynchronizedBuildFileExceptionSet */, ); explicitFileTypes = {}; explicitFolders = (); path = SennelWidget; sourceTree = "<group>"; };
/* End PBXFileSystemSynchronizedRootGroup section */

/* Begin PBXFrameworksBuildPhase section */
		000000000000000000000031 /* Frameworks */ = {
			isa = PBXFrameworksBuildPhase;
			buildActionMask = 2147483647;
			files = (
			);
			runOnlyForDeploymentPostprocessing = 0;
		};
		872EAC4A2FEF1BAA00585670 /* Frameworks */ = {
			isa = PBXFrameworksBuildPhase;
			buildActionMask = 2147483647;
			files = (
				872EAC522FEF1BAA00585670 /* SwiftUI.framework in Frameworks */,
				872EAC502FEF1BAA00585670 /* WidgetKit.framework in Frameworks */,
			);
			runOnlyForDeploymentPostprocessing = 0;
		};
/* End PBXFrameworksBuildPhase section */

/* Begin PBXGroup section */
		000000000000000000000022 = {
			isa = PBXGroup;
			children = (
				87CC161E2FEF2CE100998196 /* LiveActivity */,
				87CC16202FEF2CE100998196 /* Notifications */,
				000000000000000000000023 /* Sennel */,
				000000000000000000000027,
				000000000000000000000053 /* Products.storekit */,
				872EAC532FEF1BAA00585670 /* SennelWidget */,
				872EAC4E2FEF1BAA00585670 /* Frameworks */,
			);
			sourceTree = "<group>";
		};
		000000000000000000000023 /* Sennel */ = {
			isa = PBXGroup;
			children = (
				000000000000000000000001 /* SennelApp.swift */,
				000000000000000000000003 /* RootView.swift */,
				000000000000000000000005 /* MainTabView.swift */,
				000000000000000000000007 /* AppState.swift */,
				00000000000000000000001F /* Assets.xcassets */,
				000000000000000000000024 /* Components */,
				000000000000000000000025 /* DesignSystem */,
				00000000000000000000004B /* Persistence */,
				000000000000000000000026 /* Screens */,
				000000000000000000000052 /* Store */,
			);
			path = Sennel;
			sourceTree = "<group>";
		};
		000000000000000000000024 /* Components */ = {
			isa = PBXGroup;
			children = (
				000000000000000000000033 /* FlowLayout.swift */,
				000000000000000000000009 /* GlassCard.swift */,
				00000000000000000000000B /* PrimaryButton.swift */,
				00000000000000000000000D /* StreakRing.swift */,
			);
			path = Components;
			sourceTree = "<group>";
		};
		000000000000000000000025 /* DesignSystem */ = {
			isa = PBXGroup;
			children = (
				00000000000000000000000F /* Color+Sennel.swift */,
				000000000000000000000011 /* Typography+Sennel.swift */,
			);
			path = DesignSystem;
			sourceTree = "<group>";
		};
		000000000000000000000026 /* Screens */ = {
			isa = PBXGroup;
			children = (
				000000000000000000000035 /* BadgesView.swift */,
				000000000000000000000037 /* BreathingView.swift */,
				000000000000000000000039 /* CravingLogView.swift */,
				000000000000000000000013 /* HealthView.swift */,
				000000000000000000000015 /* HomeView.swift */,
				00000000000000000000003B /* InsightsView.swift */,
				000000000000000000000017 /* OnboardingView.swift */,
				000000000000000000000050 /* PaywallView.swift */,
				00000000000000000000003D /* RelapseView.swift */,
				00000000000000000000001B /* ScheduleView.swift */,
				00000000000000000000001D /* SettingsView.swift */,
				00000000000000000000003F /* SymptomLogView.swift */,
			);
			path = Screens;
			sourceTree = "<group>";
		};
		000000000000000000000027 = {
			isa = PBXGroup;
			children = (
				000000000000000000000021 /* Sennel.app */,
				872EAC4D2FEF1BAA00585670 /* SennelWidgetExtension.appex */,
			);
			sourceTree = "<group>";
		};
		00000000000000000000004B /* Persistence */ = {
			isa = PBXGroup;
			children = (
				000000000000000000000043 /* CravingEntryModel.swift */,
				000000000000000000000049 /* ModelContainer+Sennel.swift */,
				000000000000000000000047 /* PouchCountModel.swift */,
				000000000000000000000045 /* SymptomSeverityModel.swift */,
				000000000000000000000041 /* UserProfile.swift */,
			);
			path = Persistence;
			sourceTree = "<group>";
		};
		000000000000000000000052 /* Store */ = {
			isa = PBXGroup;
			children = (
				00000000000000000000004C /* ProductIDs.swift */,
				00000000000000000000004E /* StoreManager.swift */,
			);
			path = Store;
			sourceTree = "<group>";
		};
		872EAC4E2FEF1BAA00585670 /* Frameworks */ = {
			isa = PBXGroup;
			children = (
				872EAC4F2FEF1BAA00585670 /* WidgetKit.framework */,
				872EAC512FEF1BAA00585670 /* SwiftUI.framework */,
			);
			name = Frameworks;
			sourceTree = "<group>";
		};
		87CC161E2FEF2CE100998196 /* LiveActivity */ = {
			isa = PBXGroup;
			children = (
				87CC161D2FEF2CE100998196 /* LiveActivityManager.swift */,
				87CC16092FEF2C1D00998196 /* SennelScheduleActivityAttributes.swift */,
			);
			path = LiveActivity;
			sourceTree = "<group>";
		};
		87CC16202FEF2CE100998196 /* Notifications */ = {
			isa = PBXGroup;
			children = (
				87CC161F2FEF2CE100998196 /* NotificationManager.swift */,
			);
			path = Notifications;
			sourceTree = "<group>";
		};
/* End PBXGroup section */

/* Begin PBXNativeTarget section */
		000000000000000000000029 /* Sennel */ = {
			isa = PBXNativeTarget;
			buildConfigurationList = 00000000000000000000002B /* Build configuration list for PBXNativeTarget "Sennel" */;
			buildPhases = (
				000000000000000000000030 /* Sources */,
				000000000000000000000031 /* Frameworks */,
				000000000000000000000032 /* Resources */,
				872EAC642FEF1BAC00585670 /* Embed Foundation Extensions */,
			);
			buildRules = (
			);
			dependencies = (
				872EAC622FEF1BAC00585670 /* PBXTargetDependency */,
			);
			name = Sennel;
			productName = Sennel;
			productReference = 000000000000000000000021 /* Sennel.app */;
			productType = "com.apple.product-type.application";
		};
		872EAC4C2FEF1BAA00585670 /* SennelWidgetExtension */ = {
			isa = PBXNativeTarget;
			buildConfigurationList = 872EAC682FEF1BAC00585670 /* Build configuration list for PBXNativeTarget "SennelWidgetExtension" */;
			buildPhases = (
				872EAC492FEF1BAA00585670 /* Sources */,
				872EAC4A2FEF1BAA00585670 /* Frameworks */,
				872EAC4B2FEF1BAA00585670 /* Resources */,
			);
			buildRules = (
			);
			dependencies = (
			);
			fileSystemSynchronizedGroups = (
				872EAC532FEF1BAA00585670 /* SennelWidget */,
			);
			name = SennelWidgetExtension;
			packageProductDependencies = (
			);
			productName = SennelWidgetExtension;
			productReference = 872EAC4D2FEF1BAA00585670 /* SennelWidgetExtension.appex */;
			productType = "com.apple.product-type.app-extension";
		};
/* End PBXNativeTarget section */

/* Begin PBXProject section */
		000000000000000000000028 /* Project object */ = {
			isa = PBXProject;
			attributes = {
				BuildIndependentTargetsInParallel = 1;
				LastSwiftUpdateCheck = 2620;
				LastUpgradeCheck = 1600;
				TargetAttributes = {
					000000000000000000000029 = {
						CreatedOnToolsVersion = 16.0;
					};
					872EAC4C2FEF1BAA00585670 = {
						CreatedOnToolsVersion = 26.2;
					};
				};
			};
			buildConfigurationList = 00000000000000000000002A /* Build configuration list for PBXProject "Sennel" */;
			compatibilityVersion = "Xcode 14.0";
			developmentRegion = en;
			hasScannedForEncodings = 0;
			knownRegions = (
				en,
				Base,
			);
			mainGroup = 000000000000000000000022;
			productRefGroup = 000000000000000000000027;
			projectDirPath = "";
			projectRoot = "";
			targets = (
				000000000000000000000029 /* Sennel */,
				872EAC4C2FEF1BAA00585670 /* SennelWidgetExtension */,
			);
		};
/* End PBXProject section */

/* Begin PBXResourcesBuildPhase section */
		000000000000000000000032 /* Resources */ = {
			isa = PBXResourcesBuildPhase;
			buildActionMask = 2147483647;
			files = (
				000000000000000000000020 /* Assets.xcassets in Resources */,
			);
			runOnlyForDeploymentPostprocessing = 0;
		};
		872EAC4B2FEF1BAA00585670 /* Resources */ = {
			isa = PBXResourcesBuildPhase;
			buildActionMask = 2147483647;
			files = (
			);
			runOnlyForDeploymentPostprocessing = 0;
		};
/* End PBXResourcesBuildPhase section */

/* Begin PBXSourcesBuildPhase section */
		000000000000000000000030 /* Sources */ = {
			isa = PBXSourcesBuildPhase;
			buildActionMask = 2147483647;
			files = (
				000000000000000000000002 /* SennelApp.swift in Sources */,
				000000000000000000000004 /* RootView.swift in Sources */,
				000000000000000000000006 /* MainTabView.swift in Sources */,
				000000000000000000000008 /* AppState.swift in Sources */,
				000000000000000000000034 /* FlowLayout.swift in Sources */,
				00000000000000000000000A /* GlassCard.swift in Sources */,
				00000000000000000000000C /* PrimaryButton.swift in Sources */,
				00000000000000000000000E /* StreakRing.swift in Sources */,
				000000000000000000000010 /* Color+Sennel.swift in Sources */,
				000000000000000000000012 /* Typography+Sennel.swift in Sources */,
				000000000000000000000036 /* BadgesView.swift in Sources */,
				000000000000000000000038 /* BreathingView.swift in Sources */,
				00000000000000000000003A /* CravingLogView.swift in Sources */,
				000000000000000000000014 /* HealthView.swift in Sources */,
				000000000000000000000016 /* HomeView.swift in Sources */,
				00000000000000000000003C /* InsightsView.swift in Sources */,
				000000000000000000000018 /* OnboardingView.swift in Sources */,
				00000000000000000000003E /* RelapseView.swift in Sources */,
				87CC16212FEF2CE100998196 /* NotificationManager.swift in Sources */,
				87CC16222FEF2CE100998196 /* LiveActivityManager.swift in Sources */,
				00000000000000000000001C /* ScheduleView.swift in Sources */,
				00000000000000000000001E /* SettingsView.swift in Sources */,
				000000000000000000000040 /* SymptomLogView.swift in Sources */,
				000000000000000000000042 /* UserProfile.swift in Sources */,
				000000000000000000000044 /* CravingEntryModel.swift in Sources */,
				000000000000000000000046 /* SymptomSeverityModel.swift in Sources */,
				000000000000000000000048 /* PouchCountModel.swift in Sources */,
				00000000000000000000004A /* ModelContainer+Sennel.swift in Sources */,
				00000000000000000000004D /* ProductIDs.swift in Sources */,
				00000000000000000000004F /* StoreManager.swift in Sources */,
				000000000000000000000051 /* PaywallView.swift in Sources */,
			);
			runOnlyForDeploymentPostprocessing = 0;
		};
		872EAC492FEF1BAA00585670 /* Sources */ = {
			isa = PBXSourcesBuildPhase;
			buildActionMask = 2147483647;
			files = (
				874EA2392FEF2942003C5E1B /* PouchCountModel.swift in Sources */,
				874EA23B2FEF294E003C5E1B /* UserProfile.swift in Sources */,
				87CC16132FEF2C1D00998196 /* SennelScheduleActivityAttributes.swift in Sources */,
				874EA2372FEF2933003C5E1B /* CravingEntryModel.swift in Sources */,
				874EA2382FEF293A003C5E1B /* ModelContainer+Sennel.swift in Sources */,
				874EA23A2FEF2948003C5E1B /* SymptomSeverityModel.swift in Sources */,
			);
			runOnlyForDeploymentPostprocessing = 0;
		};
/* End PBXSourcesBuildPhase section */

/* Begin PBXTargetDependency section */
		872EAC622FEF1BAC00585670 /* PBXTargetDependency */ = {
			isa = PBXTargetDependency;
			target = 872EAC4C2FEF1BAA00585670 /* SennelWidgetExtension */;
			targetProxy = 872EAC612FEF1BAC00585670 /* PBXContainerItemProxy */;
		};
/* End PBXTargetDependency section */

/* Begin XCBuildConfiguration section */
		00000000000000000000002C /* Debug */ = {
			isa = XCBuildConfiguration;
			buildSettings = {
				ALWAYS_SEARCH_USER_PATHS = NO;
				ASSETCATALOG_COMPILER_GENERATE_SWIFT_ASSET_SYMBOL_EXTENSIONS = YES;
				CLANG_ANALYZER_NONNULL = YES;
				CLANG_ANALYZER_NUMBER_OBJECT_CONVERSION = YES_AGGRESSIVE;
				CLANG_CXX_LANGUAGE_STANDARD = "gnu++20";
				CLANG_ENABLE_MODULES = YES;
				CLANG_ENABLE_OBJC_ARC = YES;
				CLANG_ENABLE_OBJC_WEAK = YES;
				CLANG_WARN_BLOCK_CAPTURE_AUTORELEASING = YES;
				CLANG_WARN_BOOL_CONVERSION = YES;
				CLANG_WARN_COMMA = YES;
				CLANG_WARN_CONSTANT_CONVERSION = YES;
				CLANG_WARN_DEPRECATED_OBJC_IMPLEMENTATIONS = YES;
				CLANG_WARN_DIRECT_OBJC_ISA_USAGE = YES_ERROR;
				CLANG_WARN_DOCUMENTATION_COMMENTS = YES;
				CLANG_WARN_EMPTY_BODY = YES;
				CLANG_WARN_ENUM_CONVERSION = YES;
				CLANG_WARN_INFINITE_RECURSION = YES;
				CLANG_WARN_INT_CONVERSION = YES;
				CLANG_WARN_NON_LITERAL_NULL_CONVERSION = YES;
				CLANG_WARN_OBJC_IMPLICIT_RETAIN_SELF = YES;
				CLANG_WARN_OBJC_LITERAL_CONVERSION = YES;
				CLANG_WARN_OBJC_ROOT_CLASS = YES_ERROR;
				CLANG_WARN_QUOTED_INCLUDE_IN_FRAMEWORK_HEADER = YES;
				CLANG_WARN_RANGE_LOOP_ANALYSIS = YES;
				CLANG_WARN_STRICT_PROTOTYPES = YES;
				CLANG_WARN_SUSPICIOUS_MOVE = YES;
				CLANG_WARN_UNGUARDED_AVAILABILITY = YES_AGGRESSIVE;
				CLANG_WARN_UNREACHABLE_CODE = YES;
				CLANG_WARN__DUPLICATE_METHOD_MATCH = YES;
				COPY_PHASE_STRIP = NO;
				DEBUG_INFORMATION_FORMAT = dwarf;
				ENABLE_STRICT_OBJC_MSGSEND = YES;
				ENABLE_TESTABILITY = YES;
				ENABLE_USER_SCRIPT_SANDBOXING = YES;
				GCC_C_LANGUAGE_STANDARD = gnu17;
				GCC_DYNAMIC_NO_PIC = NO;
				GCC_NO_COMMON_BLOCKS = YES;
				GCC_OPTIMIZATION_LEVEL = 0;
				GCC_PREPROCESSOR_DEFINITIONS = (
					"DEBUG=1",
					"$(inherited)",
				);
				GCC_WARN_64_TO_32_BIT_CONVERSION = YES;
				GCC_WARN_ABOUT_RETURN_TYPE = YES_ERROR;
				GCC_WARN_UNDECLARED_SELECTOR = YES;
				GCC_WARN_UNINITIALIZED_AUTOS = YES_AGGRESSIVE;
				GCC_WARN_UNUSED_FUNCTION = YES;
				GCC_WARN_UNUSED_VARIABLE = YES;
				IPHONEOS_DEPLOYMENT_TARGET = 26.0;
				LOCALIZATION_PREFERS_STRING_CATALOGS = YES;
				MTL_ENABLE_DEBUG_INFO = INCLUDE_SOURCE;
				MTL_FAST_MATH = YES;
				ONLY_ACTIVE_ARCH = YES;
				SDKROOT = iphoneos;
				SWIFT_ACTIVE_COMPILATION_CONDITIONS = "DEBUG $(inherited)";
				SWIFT_OPTIMIZATION_LEVEL = "-Onone";
			};
			name = Debug;
		};
		00000000000000000000002D /* Release */ = {
			isa = XCBuildConfiguration;
			buildSettings = {
				ALWAYS_SEARCH_USER_PATHS = NO;
				ASSETCATALOG_COMPILER_GENERATE_SWIFT_ASSET_SYMBOL_EXTENSIONS = YES;
				CLANG_ANALYZER_NONNULL = YES;
				CLANG_ANALYZER_NUMBER_OBJECT_CONVERSION = YES_AGGRESSIVE;
				CLANG_CXX_LANGUAGE_STANDARD = "gnu++20";
				CLANG_ENABLE_MODULES = YES;
				CLANG_ENABLE_OBJC_ARC = YES;
				CLANG_ENABLE_OBJC_WEAK = YES;
				CLANG_WARN_BLOCK_CAPTURE_AUTORELEASING = YES;
				CLANG_WARN_BOOL_CONVERSION = YES;
				CLANG_WARN_COMMA = YES;
				CLANG_WARN_CONSTANT_CONVERSION = YES;
				CLANG_WARN_DEPRECATED_OBJC_IMPLEMENTATIONS = YES;
				CLANG_WARN_DIRECT_OBJC_ISA_USAGE = YES_ERROR;
				CLANG_WARN_DOCUMENTATION_COMMENTS = YES;
				CLANG_WARN_EMPTY_BODY = YES;
				CLANG_WARN_ENUM_CONVERSION = YES;
				CLANG_WARN_INFINITE_RECURSION = YES;
				CLANG_WARN_INT_CONVERSION = YES;
				CLANG_WARN_NON_LITERAL_NULL_CONVERSION = YES;
				CLANG_WARN_OBJC_IMPLICIT_RETAIN_SELF = YES;
				CLANG_WARN_OBJC_LITERAL_CONVERSION = YES;
				CLANG_WARN_OBJC_ROOT_CLASS = YES_ERROR;
				CLANG_WARN_QUOTED_INCLUDE_IN_FRAMEWORK_HEADER = YES;
				CLANG_WARN_RANGE_LOOP_ANALYSIS = YES;
				CLANG_WARN_STRICT_PROTOTYPES = YES;
				CLANG_WARN_SUSPICIOUS_MOVE = YES;
				CLANG_WARN_UNGUARDED_AVAILABILITY = YES_AGGRESSIVE;
				CLANG_WARN_UNREACHABLE_CODE = YES;
				CLANG_WARN__DUPLICATE_METHOD_MATCH = YES;
				COPY_PHASE_STRIP = NO;
				DEBUG_INFORMATION_FORMAT = "dwarf-with-dsym";
				ENABLE_NS_ASSERTIONS = NO;
				ENABLE_STRICT_OBJC_MSGSEND = YES;
				ENABLE_USER_SCRIPT_SANDBOXING = YES;
				GCC_C_LANGUAGE_STANDARD = gnu17;
				GCC_NO_COMMON_BLOCKS = YES;
				GCC_WARN_64_TO_32_BIT_CONVERSION = YES;
				GCC_WARN_ABOUT_RETURN_TYPE = YES_ERROR;
				GCC_WARN_UNDECLARED_SELECTOR = YES;
				GCC_WARN_UNINITIALIZED_AUTOS = YES_AGGRESSIVE;
				GCC_WARN_UNUSED_FUNCTION = YES;
				GCC_WARN_UNUSED_VARIABLE = YES;
				IPHONEOS_DEPLOYMENT_TARGET = 26.0;
				LOCALIZATION_PREFERS_STRING_CATALOGS = YES;
				MTL_ENABLE_DEBUG_INFO = NO;
				MTL_FAST_MATH = YES;
				SDKROOT = iphoneos;
				SWIFT_COMPILATION_MODE = wholemodule;
				VALIDATE_PRODUCT = YES;
			};
			name = Release;
		};
		00000000000000000000002E /* Debug */ = {
			isa = XCBuildConfiguration;
			buildSettings = {
				ASSETCATALOG_COMPILER_APPICON_NAME = AppIcon;
				ASSETCATALOG_COMPILER_GLOBAL_ACCENT_COLOR_NAME = AccentColor;
				CURRENT_PROJECT_VERSION = 1;
				DEVELOPMENT_ASSET_PATHS = "";
				ENABLE_PREVIEWS = YES;
				GENERATE_INFOPLIST_FILE = YES;
				INFOPLIST_KEY_CFBundleDisplayName = Sennel;
				INFOPLIST_KEY_NSSupportsLiveActivities = YES;
				INFOPLIST_KEY_UIApplicationSceneManifest_Generation = YES;
				INFOPLIST_KEY_UILaunchScreen_Generation = YES;
				INFOPLIST_KEY_UISupportedInterfaceOrientations = UIInterfaceOrientationPortrait;
				INFOPLIST_KEY_UISupportedInterfaceOrientations_iPad = "UIInterfaceOrientationPortrait UIInterfaceOrientationPortraitUpsideDown UIInterfaceOrientationLandscapeLeft UIInterfaceOrientationLandscapeRight";
				IPHONEOS_DEPLOYMENT_TARGET = 26.0;
				LD_RUNPATH_SEARCH_PATHS = (
					"$(inherited)",
					"@executable_path/Frameworks",
				);
				MARKETING_VERSION = 1.0;
				PRODUCT_BUNDLE_IDENTIFIER = com.sennel.app;
				PRODUCT_NAME = "$(TARGET_NAME)";
				SWIFT_EMIT_LOC_STRINGS = YES;
				SWIFT_VERSION = 6.0;
				TARGETED_DEVICE_FAMILY = "1,2";
			};
			name = Debug;
		};
		00000000000000000000002F /* Release */ = {
			isa = XCBuildConfiguration;
			buildSettings = {
				ASSETCATALOG_COMPILER_APPICON_NAME = AppIcon;
				ASSETCATALOG_COMPILER_GLOBAL_ACCENT_COLOR_NAME = AccentColor;
				CURRENT_PROJECT_VERSION = 1;
				DEVELOPMENT_ASSET_PATHS = "";
				ENABLE_PREVIEWS = YES;
				GENERATE_INFOPLIST_FILE = YES;
				INFOPLIST_KEY_CFBundleDisplayName = Sennel;
				INFOPLIST_KEY_NSSupportsLiveActivities = YES;
				INFOPLIST_KEY_UIApplicationSceneManifest_Generation = YES;
				INFOPLIST_KEY_UILaunchScreen_Generation = YES;
				INFOPLIST_KEY_UISupportedInterfaceOrientations = UIInterfaceOrientationPortrait;
				INFOPLIST_KEY_UISupportedInterfaceOrientations_iPad = "UIInterfaceOrientationPortrait UIInterfaceOrientationPortraitUpsideDown UIInterfaceOrientationLandscapeLeft UIInterfaceOrientationLandscapeRight";
				IPHONEOS_DEPLOYMENT_TARGET = 26.0;
				LD_RUNPATH_SEARCH_PATHS = (
					"$(inherited)",
					"@executable_path/Frameworks",
				);
				MARKETING_VERSION = 1.0;
				PRODUCT_BUNDLE_IDENTIFIER = com.sennel.app;
				PRODUCT_NAME = "$(TARGET_NAME)";
				SWIFT_EMIT_LOC_STRINGS = YES;
				SWIFT_VERSION = 6.0;
				TARGETED_DEVICE_FAMILY = "1,2";
			};
			name = Release;
		};
		872EAC652FEF1BAC00585670 /* Debug */ = {
			isa = XCBuildConfiguration;
			buildSettings = {
				ASSETCATALOG_COMPILER_GLOBAL_ACCENT_COLOR_NAME = AccentColor;
				ASSETCATALOG_COMPILER_WIDGET_BACKGROUND_COLOR_NAME = WidgetBackground;
				CODE_SIGN_STYLE = Automatic;
				CURRENT_PROJECT_VERSION = 1;
				GENERATE_INFOPLIST_FILE = YES;
				INFOPLIST_FILE = SennelWidget/Info.plist;
				INFOPLIST_KEY_CFBundleDisplayName = SennelWidget;
				INFOPLIST_KEY_NSHumanReadableCopyright = "";
				IPHONEOS_DEPLOYMENT_TARGET = 26.2;
				LD_RUNPATH_SEARCH_PATHS = (
					"$(inherited)",
					"@executable_path/Frameworks",
					"@executable_path/../../Frameworks",
				);
				MARKETING_VERSION = 1.0;
				PRODUCT_BUNDLE_IDENTIFIER = com.sennel.app.SennelWidget;
				PRODUCT_NAME = "$(TARGET_NAME)";
				SKIP_INSTALL = YES;
				STRING_CATALOG_GENERATE_SYMBOLS = YES;
				SWIFT_APPROACHABLE_CONCURRENCY = YES;
				SWIFT_EMIT_LOC_STRINGS = YES;
				SWIFT_UPCOMING_FEATURE_MEMBER_IMPORT_VISIBILITY = YES;
				SWIFT_VERSION = 5.0;
				TARGETED_DEVICE_FAMILY = "1,2";
			};
			name = Debug;
		};
		872EAC662FEF1BAC00585670 /* Release */ = {
			isa = XCBuildConfiguration;
			buildSettings = {
				ASSETCATALOG_COMPILER_GLOBAL_ACCENT_COLOR_NAME = AccentColor;
				ASSETCATALOG_COMPILER_WIDGET_BACKGROUND_COLOR_NAME = WidgetBackground;
				CODE_SIGN_STYLE = Automatic;
				CURRENT_PROJECT_VERSION = 1;
				GENERATE_INFOPLIST_FILE = YES;
				INFOPLIST_FILE = SennelWidget/Info.plist;
				INFOPLIST_KEY_CFBundleDisplayName = SennelWidget;
				INFOPLIST_KEY_NSHumanReadableCopyright = "";
				IPHONEOS_DEPLOYMENT_TARGET = 26.2;
				LD_RUNPATH_SEARCH_PATHS = (
					"$(inherited)",
					"@executable_path/Frameworks",
					"@executable_path/../../Frameworks",
				);
				MARKETING_VERSION = 1.0;
				PRODUCT_BUNDLE_IDENTIFIER = com.sennel.app.SennelWidget;
				PRODUCT_NAME = "$(TARGET_NAME)";
				SKIP_INSTALL = YES;
				STRING_CATALOG_GENERATE_SYMBOLS = YES;
				SWIFT_APPROACHABLE_CONCURRENCY = YES;
				SWIFT_EMIT_LOC_STRINGS = YES;
				SWIFT_UPCOMING_FEATURE_MEMBER_IMPORT_VISIBILITY = YES;
				SWIFT_VERSION = 5.0;
				TARGETED_DEVICE_FAMILY = "1,2";
			};
			name = Release;
		};
/* End XCBuildConfiguration section */

/* Begin XCConfigurationList section */
		00000000000000000000002A /* Build configuration list for PBXProject "Sennel" */ = {
			isa = XCConfigurationList;
			buildConfigurations = (
				00000000000000000000002C /* Debug */,
				00000000000000000000002D /* Release */,
			);
			defaultConfigurationIsVisible = 0;
			defaultConfigurationName = Release;
		};
		00000000000000000000002B /* Build configuration list for PBXNativeTarget "Sennel" */ = {
			isa = XCConfigurationList;
			buildConfigurations = (
				00000000000000000000002E /* Debug */,
				00000000000000000000002F /* Release */,
			);
			defaultConfigurationIsVisible = 0;
			defaultConfigurationName = Release;
		};
		872EAC682FEF1BAC00585670 /* Build configuration list for PBXNativeTarget "SennelWidgetExtension" */ = {
			isa = XCConfigurationList;
			buildConfigurations = (
				872EAC652FEF1BAC00585670 /* Debug */,
				872EAC662FEF1BAC00585670 /* Release */,
			);
			defaultConfigurationIsVisible = 0;
			defaultConfigurationName = Release;
		};
/* End XCConfigurationList section */
	};
	rootObject = 000000000000000000000028 /* Project object */;
}
